
Microsoft Visual Studio Solution File, Format Version 12.00
# Visual Studio Version 16
VisualStudioVersion = 16.0.31624.102
MinimumVisualStudioVersion = 10.0.40219.1
Project("{FAE04EC0-301F-11D3-BF4B-00C04F79EFBC}") = "HelloWorld", "HelloWorld\HelloWorld.csproj", "{1CF4E921-E682-4FCD-82D2-04D5CB1E6BD1}"
EndProject
Global
	GlobalSection(SolutionConfigurationPlatforms) = preSolution
		Debug|Any CPU = Debug|Any CPU
		Release|Any CPU = Release|Any CPU
	EndGlobalSection
	GlobalSection(ProjectConfigurationPlatforms) = postSolution
		{1CF4E921-E682-4FCD-82D2-04D5CB1E6BD1}.Debug|Any CPU.ActiveCfg = Debug|Any CPU
		{1CF4E921-E682-4FCD-82D2-04D5CB1E6BD1}.Debug|Any CPU.Build.0 = Debug|Any CPU
		{1CF4E921-E682-4FCD-82D2-04D5CB1E6BD1}.Release|Any CPU.ActiveCfg = Release|Any CPU
		{1CF4E921-E682-4FCD-82D2-04D5CB1E6BD1}.Release|Any CPU.Build.0 = Release|Any CPU
	EndGlobalSection
	GlobalSection(SolutionProperties) = preSolution
		HideSolutionNode = FALSE
	EndGlobalSection
	GlobalSection(ExtensibilityGlobals) = postSolution
		SolutionGuid = {81E58235-1B96-471B-843E-E848324F6C6B}
	EndGlobalSection
EndGlobal
